{
  "name": "hugo-theme-the-things-stack",
  "version": "3.10.0-dev",
  "lockfileVersion": 1,
  "requires": true,
  "dependencies": {
    "@creativebulma/bulma-tooltip": {
      "version": "1.2.0",
      "resolved": "https://registry.npmjs.org/@creativebulma/bulma-tooltip/-/bulma-tooltip-1.2.0.tgz",
      "integrity": "sha512-ooImbeXEBxf77cttbzA7X5rC5aAWm9UsXIGViFOnsqB+6M944GkB28S5R4UWRqjFd2iW4zGEkEifAU+q43pt2w=="
    },
    "bulma": {
      "version": "0.9.1",
      "resolved": "https://registry.npmjs.org/bulma/-/bulma-0.9.1.tgz",
      "integrity": "sha512-LSF69OumXg2HSKl2+rN0/OEXJy7WFEb681wtBlNS/ulJYR27J3rORHibdXZ6GVb/vyUzzYK/Arjyh56wjbFedA=="
    }
  }
}
